{
  "name": "email365",
  "version": "1.0.0",
  "lockfileVersion": 1,
  "requires": true,
  "dependencies": {
    "@chilkat/ck-node11-win64": {
      "version": "9.50.83",
      "resolved": "https://registry.npmjs.org/@chilkat/ck-node11-win64/-/ck-node11-win64-9.50.83.tgz",
      "integrity": "sha512-fCQIVAxcAY/lxMwBHs89VELKu1bUrv8KPIzv1vMVS3LH3okMXTSj7g8fwhBM6ZSy3nBtAYmJZUZXFGAX9b56Sw=="
    },
    "@chilkat/ck-node12-win64": {
      "version": "9.50.83",
      "resolved": "https://registry.npmjs.org/@chilkat/ck-node12-win64/-/ck-node12-win64-9.50.83.tgz",
      "integrity": "sha512-O3VH0RJ7Gf+tEmz5IhhmMV5QZjzRjRZR0cFJuvIuTAZq6UplQlloDBjXwSa8+XTUxs36E2YFZBWWPICVTFXCQw=="
    },
    "dotenv": {
      "version": "8.2.0",
      "resolved": "https://registry.npmjs.org/dotenv/-/dotenv-8.2.0.tgz",
      "integrity": "sha512-8sJ78ElpbDJBHNeBzUbUVLsqKdccaa/BXF1uPTw3GrvQTBgrQrtObr2mUrE38vzYd8cEv+m/JBfDLioYcfXoaw=="
    },
    "nodejs-nodemailer-outlook": {
      "version": "1.2.3",
      "resolved": "https://registry.npmjs.org/nodejs-nodemailer-outlook/-/nodejs-nodemailer-outlook-1.2.3.tgz",
      "integrity": "sha512-qSRBM95Q/JI529z8by2nDSOUNU3B1UkqXjZq6PM6/6Le1/ghEeQK3Wx2Gm6/LHnSPPqtqE88EbTMWC/Mx+qmew==",
      "requires": {
        "nodemailer": "^4.4.1"
      }
    },
    "nodemailer": {
      "version": "4.7.0",
      "resolved": "https://registry.npmjs.org/nodemailer/-/nodemailer-4.7.0.tgz",
      "integrity": "sha512-IludxDypFpYw4xpzKdMAozBSkzKHmNBvGanUREjJItgJ2NYcK/s8+PggVhj7c2yGFQykKsnnmv1+Aqo0ZfjHmw=="
    }
  }
}
